
Microsoft Visual Studio Solution File, Format Version 12.00
# Visual Studio Version 17
VisualStudioVersion = 17.9.34616.47
MinimumVisualStudioVersion = 10.0.40219.1
Project("{9A19103F-16F7-4668-BE54-9A1E7A4F7556}") = "MyPokemonBlazorApp", "MyPokemonBlazorApp\MyPokemonBlazorApp.csproj", "{86C6A316-72CA-4548-A1BA-6A5ADEE92622}"
EndProject
Global
	GlobalSection(SolutionConfigurationPlatforms) = preSolution
		Debug|Any CPU = Debug|Any CPU
		Release|Any CPU = Release|Any CPU
	EndGlobalSection
	GlobalSection(ProjectConfigurationPlatforms) = postSolution
		{86C6A316-72CA-4548-A1BA-6A5ADEE92622}.Debug|Any CPU.ActiveCfg = Debug|Any CPU
		{86C6A316-72CA-4548-A1BA-6A5ADEE92622}.Debug|Any CPU.Build.0 = Debug|Any CPU
		{86C6A316-72CA-4548-A1BA-6A5ADEE92622}.Release|Any CPU.ActiveCfg = Release|Any CPU
		{86C6A316-72CA-4548-A1BA-6A5ADEE92622}.Release|Any CPU.Build.0 = Release|Any CPU
	EndGlobalSection
	GlobalSection(SolutionProperties) = preSolution
		HideSolutionNode = FALSE
	EndGlobalSection
	GlobalSection(ExtensibilityGlobals) = postSolution
		SolutionGuid = {2DA615A6-123B-4699-B755-4271E4B663E4}
	EndGlobalSection
EndGlobal
